// !$*UTF8*$!
{
	archiveVersion = 1;
	classes = {
	};
	objectVersion = 55;
	objects = {

/* Begin PBXBuildFile section */
		01C1E9DC631A7F3CE12E4108 /* Pods_Evidens.framework in Frameworks */ = {isa = PBXBuildFile; fileRef = 7A0F9EC48AAD67669EE7A917 /* Pods_Evidens.framework */; };
		5F0A4F37271C1D0800700304 /* VerificationViewController.swift in Sources */ = {isa = PBXBuildFile; fileRef = 5F0A4F36271C1D0800700304 /* VerificationViewController.swift */; };
		5F0A4F3B271C29E800700304 /* ProfileCell.swift in Sources */ = {isa = PBXBuildFile; fileRef = 5F0A4F3A271C29E800700304 /* ProfileCell.swift */; };
		5F0A4F3F271C2BC300700304 /* ProfileHeader.swift in Sources */ = {isa = PBXBuildFile; fileRef = 5F0A4F3E271C2BC300700304 /* ProfileHeader.swift */; };
		5F0A4F42271C58A200700304 /* ContainerFeedViewController.swift in Sources */ = {isa = PBXBuildFile; fileRef = 5F0A4F41271C58A200700304 /* ContainerFeedViewController.swift */; };
		5F0A4F44271C59CD00700304 /* FeedMenuViewController.swift in Sources */ = {isa = PBXBuildFile; fileRef = 5F0A4F43271C59CD00700304 /* FeedMenuViewController.swift */; };
		5F0A4F46271C854600700304 /* Protocols.swift in Sources */ = {isa = PBXBuildFile; fileRef = 5F0A4F45271C854600700304 /* Protocols.swift */; };
		5F0A4F4E27255F1300700304 /* GoogleService-Info.plist in Resources */ = {isa = PBXBuildFile; fileRef = 5F0A4F4D27255F1300700304 /* GoogleService-Info.plist */; };
		5F0A4F512725622900700304 /* AuthService.swift in Sources */ = {isa = PBXBuildFile; fileRef = 5F0A4F502725622800700304 /* AuthService.swift */; };
		5F0A4F532725623E00700304 /* ImageUploader.swift in Sources */ = {isa = PBXBuildFile; fileRef = 5F0A4F522725623E00700304 /* ImageUploader.swift */; };
		5F5888E927102599005E5B4F /* Raleway-Italic.ttf in Resources */ = {isa = PBXBuildFile; fileRef = 5F5888D727102598005E5B4F /* Raleway-Italic.ttf */; };
		5F5888EA27102599005E5B4F /* Raleway-ExtraBoldItalic.ttf in Resources */ = {isa = PBXBuildFile; fileRef = 5F5888D827102598005E5B4F /* Raleway-ExtraBoldItalic.ttf */; };
		5F5888EB27102599005E5B4F /* Raleway-BlackItalic.ttf in Resources */ = {isa = PBXBuildFile; fileRef = 5F5888D927102598005E5B4F /* Raleway-BlackItalic.ttf */; };
		5F5888EC27102599005E5B4F /* Raleway-ExtraLight.ttf in Resources */ = {isa = PBXBuildFile; fileRef = 5F5888DA27102598005E5B4F /* Raleway-ExtraLight.ttf */; };
		5F5888ED27102599005E5B4F /* Raleway-Black.ttf in Resources */ = {isa = PBXBuildFile; fileRef = 5F5888DB27102598005E5B4F /* Raleway-Black.ttf */; };
		5F5888EE27102599005E5B4F /* Raleway-SemiBoldItalic.ttf in Resources */ = {isa = PBXBuildFile; fileRef = 5F5888DC27102599005E5B4F /* Raleway-SemiBoldItalic.ttf */; };
		5F5888EF27102599005E5B4F /* Raleway-ExtraLightItalic.ttf in Resources */ = {isa = PBXBuildFile; fileRef = 5F5888DD27102599005E5B4F /* Raleway-ExtraLightItalic.ttf */; };
		5F5888F027102599005E5B4F /* Raleway-ThinItalic.ttf in Resources */ = {isa = PBXBuildFile; fileRef = 5F5888DE27102599005E5B4F /* Raleway-ThinItalic.ttf */; };
		5F5888F127102599005E5B4F /* Raleway-Medium.ttf in Resources */ = {isa = PBXBuildFile; fileRef = 5F5888DF27102599005E5B4F /* Raleway-Medium.ttf */; };
		5F5888F227102599005E5B4F /* Raleway-ExtraBold.ttf in Resources */ = {isa = PBXBuildFile; fileRef = 5F5888E027102599005E5B4F /* Raleway-ExtraBold.ttf */; };
		5F5888F327102599005E5B4F /* Raleway-MediumItalic.ttf in Resources */ = {isa = PBXBuildFile; fileRef = 5F5888E127102599005E5B4F /* Raleway-MediumItalic.ttf */; };
		5F5888F427102599005E5B4F /* Raleway-Thin.ttf in Resources */ = {isa = PBXBuildFile; fileRef = 5F5888E227102599005E5B4F /* Raleway-Thin.ttf */; };
		5F5888F527102599005E5B4F /* Raleway-BoldItalic.ttf in Resources */ = {isa = PBXBuildFile; fileRef = 5F5888E327102599005E5B4F /* Raleway-BoldItalic.ttf */; };
		5F5888F627102599005E5B4F /* Raleway-LightItalic.ttf in Resources */ = {isa = PBXBuildFile; fileRef = 5F5888E427102599005E5B4F /* Raleway-LightItalic.ttf */; };
		5F5888F727102599005E5B4F /* Raleway-Light.ttf in Resources */ = {isa = PBXBuildFile; fileRef = 5F5888E527102599005E5B4F /* Raleway-Light.ttf */; };
		5F5888F827102599005E5B4F /* Raleway-Regular.ttf in Resources */ = {isa = PBXBuildFile; fileRef = 5F5888E627102599005E5B4F /* Raleway-Regular.ttf */; };
		5F5888F927102599005E5B4F /* Raleway-SemiBold.ttf in Resources */ = {isa = PBXBuildFile; fileRef = 5F5888E727102599005E5B4F /* Raleway-SemiBold.ttf */; };
		5F5888FA27102599005E5B4F /* Raleway-Bold.ttf in Resources */ = {isa = PBXBuildFile; fileRef = 5F5888E827102599005E5B4F /* Raleway-Bold.ttf */; };
		5F5889022712EC39005E5B4F /* User.swift in Sources */ = {isa = PBXBuildFile; fileRef = 5F5889012712EC39005E5B4F /* User.swift */; };
		5F5889282718677A005E5B4F /* AuthenticationViewModel.swift in Sources */ = {isa = PBXBuildFile; fileRef = 5F5889272718677A005E5B4F /* AuthenticationViewModel.swift */; };
		5FC4D85E27070274006B7A34 /* AppDelegate.swift in Sources */ = {isa = PBXBuildFile; fileRef = 5FC4D85D27070274006B7A34 /* AppDelegate.swift */; };
		5FC4D86027070274006B7A34 /* SceneDelegate.swift in Sources */ = {isa = PBXBuildFile; fileRef = 5FC4D85F27070274006B7A34 /* SceneDelegate.swift */; };
		5FC4D86227070274006B7A34 /* ViewController.swift in Sources */ = {isa = PBXBuildFile; fileRef = 5FC4D86127070274006B7A34 /* ViewController.swift */; };
		5FC4D86527070274006B7A34 /* Main.storyboard in Resources */ = {isa = PBXBuildFile; fileRef = 5FC4D86327070274006B7A34 /* Main.storyboard */; };
		5FC4D86727070277006B7A34 /* Assets.xcassets in Resources */ = {isa = PBXBuildFile; fileRef = 5FC4D86627070277006B7A34 /* Assets.xcassets */; };
		5FC4D86A27070277006B7A34 /* LaunchScreen.storyboard in Resources */ = {isa = PBXBuildFile; fileRef = 5FC4D86827070277006B7A34 /* LaunchScreen.storyboard */; };
		5FC4D8792707047E006B7A34 /* MainTabController.swift in Sources */ = {isa = PBXBuildFile; fileRef = 5FC4D8782707047E006B7A34 /* MainTabController.swift */; };
		5FC4D87B2707058D006B7A34 /* FeedViewController.swift in Sources */ = {isa = PBXBuildFile; fileRef = 5FC4D87A2707058D006B7A34 /* FeedViewController.swift */; };
		5FC4D87D2707059D006B7A34 /* SearchViewController.swift in Sources */ = {isa = PBXBuildFile; fileRef = 5FC4D87C2707059D006B7A34 /* SearchViewController.swift */; };
		5FC4D87F270705B0006B7A34 /* NotificationsViewController.swift in Sources */ = {isa = PBXBuildFile; fileRef = 5FC4D87E270705B0006B7A34 /* NotificationsViewController.swift */; };
		5FC4D881270705E8006B7A34 /* PostViewController.swift in Sources */ = {isa = PBXBuildFile; fileRef = 5FC4D880270705E8006B7A34 /* PostViewController.swift */; };
		5FC4D883270705F8006B7A34 /* ProfileViewController.swift in Sources */ = {isa = PBXBuildFile; fileRef = 5FC4D882270705F8006B7A34 /* ProfileViewController.swift */; };
		5FC4D88527071CB6006B7A34 /* FeedCell.swift in Sources */ = {isa = PBXBuildFile; fileRef = 5FC4D88427071CB6006B7A34 /* FeedCell.swift */; };
		5FC4D88827071FB0006B7A34 /* Extensions.swift in Sources */ = {isa = PBXBuildFile; fileRef = 5FC4D88727071FB0006B7A34 /* Extensions.swift */; };
		5FC4D88B27072B56006B7A34 /* LoginViewController.swift in Sources */ = {isa = PBXBuildFile; fileRef = 5FC4D88A27072B56006B7A34 /* LoginViewController.swift */; };
		5FC4D88D27072B60006B7A34 /* RegistrationViewController.swift in Sources */ = {isa = PBXBuildFile; fileRef = 5FC4D88C27072B60006B7A34 /* RegistrationViewController.swift */; };
		5FC4D88F2708A5EA006B7A34 /* CustomTextField.swift in Sources */ = {isa = PBXBuildFile; fileRef = 5FC4D88E2708A5EA006B7A34 /* CustomTextField.swift */; };
		5FC4D8932708AABF006B7A34 /* WelcomeViewController.swift in Sources */ = {isa = PBXBuildFile; fileRef = 5FC4D8922708AABF006B7A34 /* WelcomeViewController.swift */; };
		5FC4D8952708AB6D006B7A34 /* CustomLabel.swift in Sources */ = {isa = PBXBuildFile; fileRef = 5FC4D8942708AB6D006B7A34 /* CustomLabel.swift */; };
		5FC4D8982709912D006B7A34 /* ResetPasswordViewController.swift in Sources */ = {isa = PBXBuildFile; fileRef = 5FC4D8972709912D006B7A34 /* ResetPasswordViewController.swift */; };
		5FC4D89A2709938D006B7A34 /* InstructionsViewController.swift in Sources */ = {isa = PBXBuildFile; fileRef = 5FC4D8992709938D006B7A34 /* InstructionsViewController.swift */; };
/* End PBXBuildFile section */

/* Begin PBXFileReference section */
		5F0A4F36271C1D0800700304 /* VerificationViewController.swift */ = {isa = PBXFileReference; lastKnownFileType = sourcecode.swift; path = VerificationViewController.swift; sourceTree = "<group>"; };
		5F0A4F3A271C29E800700304 /* ProfileCell.swift */ = {isa = PBXFileReference; lastKnownFileType = sourcecode.swift; path = ProfileCell.swift; sourceTree = "<group>"; };
		5F0A4F3E271C2BC300700304 /* ProfileHeader.swift */ = {isa = PBXFileReference; lastKnownFileType = sourcecode.swift; path = ProfileHeader.swift; sourceTree = "<group>"; };
		5F0A4F41271C58A200700304 /* ContainerFeedViewController.swift */ = {isa = PBXFileReference; lastKnownFileType = sourcecode.swift; path = ContainerFeedViewController.swift; sourceTree = "<group>"; };
		5F0A4F43271C59CD00700304 /* FeedMenuViewController.swift */ = {isa = PBXFileReference; lastKnownFileType = sourcecode.swift; path = FeedMenuViewController.swift; sourceTree = "<group>"; };
		5F0A4F45271C854600700304 /* Protocols.swift */ = {isa = PBXFileReference; lastKnownFileType = sourcecode.swift; path = Protocols.swift; sourceTree = "<group>"; };
		5F0A4F4D27255F1300700304 /* GoogleService-Info.plist */ = {isa = PBXFileReference; fileEncoding = 4; lastKnownFileType = text.plist.xml; path = "GoogleService-Info.plist"; sourceTree = "<group>"; };
		5F0A4F502725622800700304 /* AuthService.swift */ = {isa = PBXFileReference; lastKnownFileType = sourcecode.swift; path = AuthService.swift; sourceTree = "<group>"; };
		5F0A4F522725623E00700304 /* ImageUploader.swift */ = {isa = PBXFileReference; lastKnownFileType = sourcecode.swift; path = ImageUploader.swift; sourceTree = "<group>"; };
		5F5888D727102598005E5B4F /* Raleway-Italic.ttf */ = {isa = PBXFileReference; lastKnownFileType = file; path = "Raleway-Italic.ttf"; sourceTree = "<group>"; };
		5F5888D827102598005E5B4F /* Raleway-ExtraBoldItalic.ttf */ = {isa = PBXFileReference; lastKnownFileType = file; path = "Raleway-ExtraBoldItalic.ttf"; sourceTree = "<group>"; };
		5F5888D927102598005E5B4F /* Raleway-BlackItalic.ttf */ = {isa = PBXFileReference; lastKnownFileType = file; path = "Raleway-BlackItalic.ttf"; sourceTree = "<group>"; };
		5F5888DA27102598005E5B4F /* Raleway-ExtraLight.ttf */ = {isa = PBXFileReference; lastKnownFileType = file; path = "Raleway-ExtraLight.ttf"; sourceTree = "<group>"; };
		5F5888DB27102598005E5B4F /* Raleway-Black.ttf */ = {isa = PBXFileReference; lastKnownFileType = file; path = "Raleway-Black.ttf"; sourceTree = "<group>"; };
		5F5888DC27102599005E5B4F /* Raleway-SemiBoldItalic.ttf */ = {isa = PBXFileReference; lastKnownFileType = file; path = "Raleway-SemiBoldItalic.ttf"; sourceTree = "<group>"; };
		5F5888DD27102599005E5B4F /* Raleway-ExtraLightItalic.ttf */ = {isa = PBXFileReference; lastKnownFileType = file; path = "Raleway-ExtraLightItalic.ttf"; sourceTree = "<group>"; };
		5F5888DE27102599005E5B4F /* Raleway-ThinItalic.ttf */ = {isa = PBXFileReference; lastKnownFileType = file; path = "Raleway-ThinItalic.ttf"; sourceTree = "<group>"; };
		5F5888DF27102599005E5B4F /* Raleway-Medium.ttf */ = {isa = PBXFileReference; lastKnownFileType = file; path = "Raleway-Medium.ttf"; sourceTree = "<group>"; };
		5F5888E027102599005E5B4F /* Raleway-ExtraBold.ttf */ = {isa = PBXFileReference; lastKnownFileType = file; path = "Raleway-ExtraBold.ttf"; sourceTree = "<group>"; };
		5F5888E127102599005E5B4F /* Raleway-MediumItalic.ttf */ = {isa = PBXFileReference; lastKnownFileType = file; path = "Raleway-MediumItalic.ttf"; sourceTree = "<group>"; };
		5F5888E227102599005E5B4F /* Raleway-Thin.ttf */ = {isa = PBXFileReference; lastKnownFileType = file; path = "Raleway-Thin.ttf"; sourceTree = "<group>"; };
		5F5888E327102599005E5B4F /* Raleway-BoldItalic.ttf */ = {isa = PBXFileReference; lastKnownFileType = file; path = "Raleway-BoldItalic.ttf"; sourceTree = "<group>"; };
		5F5888E427102599005E5B4F /* Raleway-LightItalic.ttf */ = {isa = PBXFileReference; lastKnownFileType = file; path = "Raleway-LightItalic.ttf"; sourceTree = "<group>"; };
		5F5888E527102599005E5B4F /* Raleway-Light.ttf */ = {isa = PBXFileReference; lastKnownFileType = file; path = "Raleway-Light.ttf"; sourceTree = "<group>"; };
		5F5888E627102599005E5B4F /* Raleway-Regular.ttf */ = {isa = PBXFileReference; lastKnownFileType = file; path = "Raleway-Regular.ttf"; sourceTree = "<group>"; };
		5F5888E727102599005E5B4F /* Raleway-SemiBold.ttf */ = {isa = PBXFileReference; lastKnownFileType = file; path = "Raleway-SemiBold.ttf"; sourceTree = "<group>"; };
		5F5888E827102599005E5B4F /* Raleway-Bold.ttf */ = {isa = PBXFileReference; lastKnownFileType = file; path = "Raleway-Bold.ttf"; sourceTree = "<group>"; };
		5F5889012712EC39005E5B4F /* User.swift */ = {isa = PBXFileReference; lastKnownFileType = sourcecode.swift; path = User.swift; sourceTree = "<group>"; };
		5F5889272718677A005E5B4F /* AuthenticationViewModel.swift */ = {isa = PBXFileReference; lastKnownFileType = sourcecode.swift; path = AuthenticationViewModel.swift; sourceTree = "<group>"; };
		5FC4D85A27070274006B7A34 /* Evidens.app */ = {isa = PBXFileReference; explicitFileType = wrapper.application; includeInIndex = 0; path = Evidens.app; sourceTree = BUILT_PRODUCTS_DIR; };
		5FC4D85D27070274006B7A34 /* AppDelegate.swift */ = {isa = PBXFileReference; lastKnownFileType = sourcecode.swift; path = AppDelegate.swift; sourceTree = "<group>"; };
		5FC4D85F27070274006B7A34 /* SceneDelegate.swift */ = {isa = PBXFileReference; lastKnownFileType = sourcecode.swift; path = SceneDelegate.swift; sourceTree = "<group>"; };
		5FC4D86127070274006B7A34 /* ViewController.swift */ = {isa = PBXFileReference; lastKnownFileType = sourcecode.swift; path = ViewController.swift; sourceTree = "<group>"; };
		5FC4D86427070274006B7A34 /* Base */ = {isa = PBXFileReference; lastKnownFileType = file.storyboard; name = Base; path = Base.lproj/Main.storyboard; sourceTree = "<group>"; };
		5FC4D86627070277006B7A34 /* Assets.xcassets */ = {isa = PBXFileReference; lastKnownFileType = folder.assetcatalog; path = Assets.xcassets; sourceTree = "<group>"; };
		5FC4D86927070277006B7A34 /* Base */ = {isa = PBXFileReference; lastKnownFileType = file.storyboard; name = Base; path = Base.lproj/LaunchScreen.storyboard; sourceTree = "<group>"; };
		5FC4D86B27070277006B7A34 /* Info.plist */ = {isa = PBXFileReference; lastKnownFileType = text.plist.xml; path = Info.plist; sourceTree = "<group>"; };
		5FC4D8782707047E006B7A34 /* MainTabController.swift */ = {isa = PBXFileReference; lastKnownFileType = sourcecode.swift; path = MainTabController.swift; sourceTree = "<group>"; };
		5FC4D87A2707058D006B7A34 /* FeedViewController.swift */ = {isa = PBXFileReference; lastKnownFileType = sourcecode.swift; path = FeedViewController.swift; sourceTree = "<group>"; };
		5FC4D87C2707059D006B7A34 /* SearchViewController.swift */ = {isa = PBXFileReference; lastKnownFileType = sourcecode.swift; path = SearchViewController.swift; sourceTree = "<group>"; };
		5FC4D87E270705B0006B7A34 /* NotificationsViewController.swift */ = {isa = PBXFileReference; lastKnownFileType = sourcecode.swift; path = NotificationsViewController.swift; sourceTree = "<group>"; };
		5FC4D880270705E8006B7A34 /* PostViewController.swift */ = {isa = PBXFileReference; lastKnownFileType = sourcecode.swift; path = PostViewController.swift; sourceTree = "<group>"; };
		5FC4D882270705F8006B7A34 /* ProfileViewController.swift */ = {isa = PBXFileReference; lastKnownFileType = sourcecode.swift; path = ProfileViewController.swift; sourceTree = "<group>"; };
		5FC4D88427071CB6006B7A34 /* FeedCell.swift */ = {isa = PBXFileReference; lastKnownFileType = sourcecode.swift; path = FeedCell.swift; sourceTree = "<group>"; };
		5FC4D88727071FB0006B7A34 /* Extensions.swift */ = {isa = PBXFileReference; lastKnownFileType = sourcecode.swift; path = Extensions.swift; sourceTree = "<group>"; };
		5FC4D88A27072B56006B7A34 /* LoginViewController.swift */ = {isa = PBXFileReference; lastKnownFileType = sourcecode.swift; path = LoginViewController.swift; sourceTree = "<group>"; };
		5FC4D88C27072B60006B7A34 /* RegistrationViewController.swift */ = {isa = PBXFileReference; lastKnownFileType = sourcecode.swift; path = RegistrationViewController.swift; sourceTree = "<group>"; };
		5FC4D88E2708A5EA006B7A34 /* CustomTextField.swift */ = {isa = PBXFileReference; lastKnownFileType = sourcecode.swift; path = CustomTextField.swift; sourceTree = "<group>"; };
		5FC4D8922708AABF006B7A34 /* WelcomeViewController.swift */ = {isa = PBXFileReference; lastKnownFileType = sourcecode.swift; path = WelcomeViewController.swift; sourceTree = "<group>"; };
		5FC4D8942708AB6D006B7A34 /* CustomLabel.swift */ = {isa = PBXFileReference; lastKnownFileType = sourcecode.swift; path = CustomLabel.swift; sourceTree = "<group>"; };
		5FC4D8972709912D006B7A34 /* ResetPasswordViewController.swift */ = {isa = PBXFileReference; lastKnownFileType = sourcecode.swift; path = ResetPasswordViewController.swift; sourceTree = "<group>"; };
		5FC4D8992709938D006B7A34 /* InstructionsViewController.swift */ = {isa = PBXFileReference; lastKnownFileType = sourcecode.swift; path = InstructionsViewController.swift; sourceTree = "<group>"; };
		7A0F9EC48AAD67669EE7A917 /* Pods_Evidens.framework */ = {isa = PBXFileReference; explicitFileType = wrapper.framework; includeInIndex = 0; path = Pods_Evidens.framework; sourceTree = BUILT_PRODUCTS_DIR; };
		E4E31D27D53CC640423530B4 /* Pods-Evidens.debug.xcconfig */ = {isa = PBXFileReference; includeInIndex = 1; lastKnownFileType = text.xcconfig; name = "Pods-Evidens.debug.xcconfig"; path = "Target Support Files/Pods-Evidens/Pods-Evidens.debug.xcconfig"; sourceTree = "<group>"; };
		ED9965EF6173BC44853D0886 /* Pods-Evidens.release.xcconfig */ = {isa = PBXFileReference; includeInIndex = 1; lastKnownFileType = text.xcconfig; name = "Pods-Evidens.release.xcconfig"; path = "Target Support Files/Pods-Evidens/Pods-Evidens.release.xcconfig"; sourceTree = "<group>"; };
/* End PBXFileReference section */

/* Begin PBXFrameworksBuildPhase section */
		5FC4D85727070274006B7A34 /* Frameworks */ = {
			isa = PBXFrameworksBuildPhase;
			buildActionMask = 2147483647;
			files = (
				01C1E9DC631A7F3CE12E4108 /* Pods_Evidens.framework in Frameworks */,
			);
			runOnlyForDeploymentPostprocessing = 0;
		};
/* End PBXFrameworksBuildPhase section */

/* Begin PBXGroup section */
		5F0A4F38271C1DDB00700304 /* IdentityManager */ = {
			isa = PBXGroup;
			children = (
				5F0A4F36271C1D0800700304 /* VerificationViewController.swift */,
			);
			path = IdentityManager;
			sourceTree = "<group>";
		};
		5F0A4F39271C29D700700304 /* Profile */ = {
			isa = PBXGroup;
			children = (
				5F0A4F3E271C2BC300700304 /* ProfileHeader.swift */,
				5F0A4F3A271C29E800700304 /* ProfileCell.swift */,
			);
			path = Profile;
			sourceTree = "<group>";
		};
		5F0A4F40271C588200700304 /* Core */ = {
			isa = PBXGroup;
			children = (
				5FC4D8782707047E006B7A34 /* MainTabController.swift */,
				5F0A4F4C271CAC0900700304 /* Feed */,
				5FC4D87C2707059D006B7A34 /* SearchViewController.swift */,
				5FC4D87E270705B0006B7A34 /* NotificationsViewController.swift */,
				5FC4D880270705E8006B7A34 /* PostViewController.swift */,
				5FC4D882270705F8006B7A34 /* ProfileViewController.swift */,
			);
			path = Core;
			sourceTree = "<group>";
		};
		5F0A4F4C271CAC0900700304 /* Feed */ = {
			isa = PBXGroup;
			children = (
				5F0A4F41271C58A200700304 /* ContainerFeedViewController.swift */,
				5F0A4F43271C59CD00700304 /* FeedMenuViewController.swift */,
				5FC4D87A2707058D006B7A34 /* FeedViewController.swift */,
			);
			path = Feed;
			sourceTree = "<group>";
		};
		5F5888D2271022E6005E5B4F /* Fonts */ = {
			isa = PBXGroup;
			children = (
				5F5888DB27102598005E5B4F /* Raleway-Black.ttf */,
				5F5888D927102598005E5B4F /* Raleway-BlackItalic.ttf */,
				5F5888E827102599005E5B4F /* Raleway-Bold.ttf */,
				5F5888E327102599005E5B4F /* Raleway-BoldItalic.ttf */,
				5F5888E027102599005E5B4F /* Raleway-ExtraBold.ttf */,
				5F5888D827102598005E5B4F /* Raleway-ExtraBoldItalic.ttf */,
				5F5888DA27102598005E5B4F /* Raleway-ExtraLight.ttf */,
				5F5888DD27102599005E5B4F /* Raleway-ExtraLightItalic.ttf */,
				5F5888D727102598005E5B4F /* Raleway-Italic.ttf */,
				5F5888E527102599005E5B4F /* Raleway-Light.ttf */,
				5F5888E427102599005E5B4F /* Raleway-LightItalic.ttf */,
				5F5888DF27102599005E5B4F /* Raleway-Medium.ttf */,
				5F5888E127102599005E5B4F /* Raleway-MediumItalic.ttf */,
				5F5888E627102599005E5B4F /* Raleway-Regular.ttf */,
				5F5888E727102599005E5B4F /* Raleway-SemiBold.ttf */,
				5F5888DC27102599005E5B4F /* Raleway-SemiBoldItalic.ttf */,
				5F5888E227102599005E5B4F /* Raleway-Thin.ttf */,
				5F5888DE27102599005E5B4F /* Raleway-ThinItalic.ttf */,
			);
			path = Fonts;
			sourceTree = "<group>";
		};
		5F5888FB271067B8005E5B4F /* Assets */ = {
			isa = PBXGroup;
			children = (
				5FC4D86627070277006B7A34 /* Assets.xcassets */,
			);
			path = Assets;
			sourceTree = "<group>";
		};
		5F5888FC271067C7005E5B4F /* Launch */ = {
			isa = PBXGroup;
			children = (
				5FC4D86827070277006B7A34 /* LaunchScreen.storyboard */,
			);
			path = Launch;
			sourceTree = "<group>";
		};
		5F5888FD271067D3005E5B4F /* Customs */ = {
			isa = PBXGroup;
			children = (
				5FC4D88E2708A5EA006B7A34 /* CustomTextField.swift */,
				5FC4D8942708AB6D006B7A34 /* CustomLabel.swift */,
			);
			path = Customs;
			sourceTree = "<group>";
		};
		5FC4D85127070274006B7A34 = {
			isa = PBXGroup;
			children = (
				5FC4D85C27070274006B7A34 /* Evidens */,
				5FC4D85B27070274006B7A34 /* Products */,
				77AAA27F2190F53DB61FB2FC /* Pods */,
				F71A5F7670CEAE99BDFDF81A /* Frameworks */,
			);
			sourceTree = "<group>";
		};
		5FC4D85B27070274006B7A34 /* Products */ = {
			isa = PBXGroup;
			children = (
				5FC4D85A27070274006B7A34 /* Evidens.app */,
			);
			name = Products;
			sourceTree = "<group>";
		};
		5FC4D85C27070274006B7A34 /* Evidens */ = {
			isa = PBXGroup;
			children = (
				5FC4D87327070334006B7A34 /* Models */,
				5FC4D87427070352006B7A34 /* Views */,
				5FC4D87627070376006B7A34 /* ViewModels */,
				5FC4D8752707035A006B7A34 /* Controllers */,
				5FC4D87227070315006B7A34 /* Utils */,
				5FC4D8772707038C006B7A34 /* API */,
				5FC4D85D27070274006B7A34 /* AppDelegate.swift */,
				5FC4D85F27070274006B7A34 /* SceneDelegate.swift */,
				5FC4D86127070274006B7A34 /* ViewController.swift */,
				5FC4D86327070274006B7A34 /* Main.storyboard */,
				5FC4D86B27070277006B7A34 /* Info.plist */,
				5F0A4F4D27255F1300700304 /* GoogleService-Info.plist */,
			);
			path = Evidens;
			sourceTree = "<group>";
		};
		5FC4D87227070315006B7A34 /* Utils */ = {
			isa = PBXGroup;
			children = (
				5F5888D2271022E6005E5B4F /* Fonts */,
				5FC4D88727071FB0006B7A34 /* Extensions.swift */,
				5F0A4F45271C854600700304 /* Protocols.swift */,
			);
			path = Utils;
			sourceTree = "<group>";
		};
		5FC4D87327070334006B7A34 /* Models */ = {
			isa = PBXGroup;
			children = (
				5F5889012712EC39005E5B4F /* User.swift */,
			);
			path = Models;
			sourceTree = "<group>";
		};
		5FC4D87427070352006B7A34 /* Views */ = {
			isa = PBXGroup;
			children = (
				5F0A4F39271C29D700700304 /* Profile */,
				5FC4D88627071CC4006B7A34 /* Feed */,
				5F5888FD271067D3005E5B4F /* Customs */,
				5F5888FC271067C7005E5B4F /* Launch */,
				5F5888FB271067B8005E5B4F /* Assets */,
			);
			path = Views;
			sourceTree = "<group>";
		};
		5FC4D8752707035A006B7A34 /* Controllers */ = {
			isa = PBXGroup;
			children = (
				5FC4D88927072AE6006B7A34 /* Onboarding */,
				5F0A4F38271C1DDB00700304 /* IdentityManager */,
				5FC4D8962709910B006B7A34 /* PasswordManager */,
				5F0A4F40271C588200700304 /* Core */,
			);
			path = Controllers;
			sourceTree = "<group>";
		};
		5FC4D87627070376006B7A34 /* ViewModels */ = {
			isa = PBXGroup;
			children = (
				5F5889272718677A005E5B4F /* AuthenticationViewModel.swift */,
			);
			path = ViewModels;
			sourceTree = "<group>";
		};
		5FC4D8772707038C006B7A34 /* API */ = {
			isa = PBXGroup;
			children = (
				5F0A4F502725622800700304 /* AuthService.swift */,
				5F0A4F522725623E00700304 /* ImageUploader.swift */,
			);
			path = API;
			sourceTree = "<group>";
		};
		5FC4D88627071CC4006B7A34 /* Feed */ = {
			isa = PBXGroup;
			children = (
				5FC4D88427071CB6006B7A34 /* FeedCell.swift */,
			);
			path = Feed;
			sourceTree = "<group>";
		};
		5FC4D88927072AE6006B7A34 /* Onboarding */ = {
			isa = PBXGroup;
			children = (
				5FC4D8922708AABF006B7A34 /* WelcomeViewController.swift */,
				5FC4D88A27072B56006B7A34 /* LoginViewController.swift */,
				5FC4D88C27072B60006B7A34 /* RegistrationViewController.swift */,
			);
			path = Onboarding;
			sourceTree = "<group>";
		};
		5FC4D8962709910B006B7A34 /* PasswordManager */ = {
			isa = PBXGroup;
			children = (
				5FC4D8972709912D006B7A34 /* ResetPasswordViewController.swift */,
				5FC4D8992709938D006B7A34 /* InstructionsViewController.swift */,
			);
			path = PasswordManager;
			sourceTree = "<group>";
		};
		77AAA27F2190F53DB61FB2FC /* Pods */ = {
			isa = PBXGroup;
			children = (
				E4E31D27D53CC640423530B4 /* Pods-Evidens.debug.xcconfig */,
				ED9965EF6173BC44853D0886 /* Pods-Evidens.release.xcconfig */,
			);
			path = Pods;
			sourceTree = "<group>";
		};
		F71A5F7670CEAE99BDFDF81A /* Frameworks */ = {
			isa = PBXGroup;
			children = (
				7A0F9EC48AAD67669EE7A917 /* Pods_Evidens.framework */,
			);
			name = Frameworks;
			sourceTree = "<group>";
		};
/* End PBXGroup section */

/* Begin PBXNativeTarget section */
		5FC4D85927070274006B7A34 /* Evidens */ = {
			isa = PBXNativeTarget;
			buildConfigurationList = 5FC4D86E27070277006B7A34 /* Build configuration list for PBXNativeTarget "Evidens" */;
			buildPhases = (
				B89F6718A8CA5E23230158C5 /* [CP] Check Pods Manifest.lock */,
				5FC4D85627070274006B7A34 /* Sources */,
				5FC4D85727070274006B7A34 /* Frameworks */,
				5FC4D85827070274006B7A34 /* Resources */,
				D5B2249324A01AD7D6D3F427 /* [CP] Embed Pods Frameworks */,
			);
			buildRules = (
			);
			dependencies = (
			);
			name = Evidens;
			productName = Evidens;
			productReference = 5FC4D85A27070274006B7A34 /* Evidens.app */;
			productType = "com.apple.product-type.application";
		};
/* End PBXNativeTarget section */

/* Begin PBXProject section */
		5FC4D85227070274006B7A34 /* Project object */ = {
			isa = PBXProject;
			attributes = {
				BuildIndependentTargetsInParallel = 1;
				LastSwiftUpdateCheck = 1300;
				LastUpgradeCheck = 1300;
				TargetAttributes = {
					5FC4D85927070274006B7A34 = {
						CreatedOnToolsVersion = 13.0;
					};
				};
			};
			buildConfigurationList = 5FC4D85527070274006B7A34 /* Build configuration list for PBXProject "Evidens" */;
			compatibilityVersion = "Xcode 13.0";
			developmentRegion = en;
			hasScannedForEncodings = 0;
			knownRegions = (
				en,
				Base,
			);
			mainGroup = 5FC4D85127070274006B7A34;
			productRefGroup = 5FC4D85B27070274006B7A34 /* Products */;
			projectDirPath = "";
			projectRoot = "";
			targets = (
				5FC4D85927070274006B7A34 /* Evidens */,
			);
		};
/* End PBXProject section */

/* Begin PBXResourcesBuildPhase section */
		5FC4D85827070274006B7A34 /* Resources */ = {
			isa = PBXResourcesBuildPhase;
			buildActionMask = 2147483647;
			files = (
				5F5888F427102599005E5B4F /* Raleway-Thin.ttf in Resources */,
				5F5888EF27102599005E5B4F /* Raleway-ExtraLightItalic.ttf in Resources */,
				5F5888F127102599005E5B4F /* Raleway-Medium.ttf in Resources */,
				5F5888EE27102599005E5B4F /* Raleway-SemiBoldItalic.ttf in Resources */,
				5F5888F827102599005E5B4F /* Raleway-Regular.ttf in Resources */,
				5FC4D86A27070277006B7A34 /* LaunchScreen.storyboard in Resources */,
				5F5888EA27102599005E5B4F /* Raleway-ExtraBoldItalic.ttf in Resources */,
				5F5888FA27102599005E5B4F /* Raleway-Bold.ttf in Resources */,
				5F5888F227102599005E5B4F /* Raleway-ExtraBold.ttf in Resources */,
				5F5888F027102599005E5B4F /* Raleway-ThinItalic.ttf in Resources */,
				5F5888F927102599005E5B4F /* Raleway-SemiBold.ttf in Resources */,
				5F5888EB27102599005E5B4F /* Raleway-BlackItalic.ttf in Resources */,
				5FC4D86727070277006B7A34 /* Assets.xcassets in Resources */,
				5F5888F327102599005E5B4F /* Raleway-MediumItalic.ttf in Resources */,
				5F5888F527102599005E5B4F /* Raleway-BoldItalic.ttf in Resources */,
				5F5888ED27102599005E5B4F /* Raleway-Black.ttf in Resources */,
				5F5888F627102599005E5B4F /* Raleway-LightItalic.ttf in Resources */,
				5F5888E927102599005E5B4F /* Raleway-Italic.ttf in Resources */,
				5F5888F727102599005E5B4F /* Raleway-Light.ttf in Resources */,
				5F0A4F4E27255F1300700304 /* GoogleService-Info.plist in Resources */,
				5F5888EC27102599005E5B4F /* Raleway-ExtraLight.ttf in Resources */,
				5FC4D86527070274006B7A34 /* Main.storyboard in Resources */,
			);
			runOnlyForDeploymentPostprocessing = 0;
		};
/* End PBXResourcesBuildPhase section */

/* Begin PBXShellScriptBuildPhase section */
		B89F6718A8CA5E23230158C5 /* [CP] Check Pods Manifest.lock */ = {
			isa = PBXShellScriptBuildPhase;
			buildActionMask = 2147483647;
			files = (
			);
			inputFileListPaths = (
			);
			inputPaths = (
				"${PODS_PODFILE_DIR_PATH}/Podfile.lock",
				"${PODS_ROOT}/Manifest.lock",
			);
			name = "[CP] Check Pods Manifest.lock";
			outputFileListPaths = (
			);
			outputPaths = (
				"$(DERIVED_FILE_DIR)/Pods-Evidens-checkManifestLockResult.txt",
			);
			runOnlyForDeploymentPostprocessing = 0;
			shellPath = /bin/sh;
			shellScript = "diff \"${PODS_PODFILE_DIR_PATH}/Podfile.lock\" \"${PODS_ROOT}/Manifest.lock\" > /dev/null\nif [ $? != 0 ] ; then\n    # print error to STDERR\n    echo \"error: The sandbox is not in sync with the Podfile.lock. Run 'pod install' or update your CocoaPods installation.\" >&2\n    exit 1\nfi\n# This output is used by Xcode 'outputs' to avoid re-running this script phase.\necho \"SUCCESS\" > \"${SCRIPT_OUTPUT_FILE_0}\"\n";
			showEnvVarsInLog = 0;
		};
		D5B2249324A01AD7D6D3F427 /* [CP] Embed Pods Frameworks */ = {
			isa = PBXShellScriptBuildPhase;
			buildActionMask = 2147483647;
			files = (
			);
			inputFileListPaths = (
				"${PODS_ROOT}/Target Support Files/Pods-Evidens/Pods-Evidens-frameworks-${CONFIGURATION}-input-files.xcfilelist",
			);
			name = "[CP] Embed Pods Frameworks";
			outputFileListPaths = (
				"${PODS_ROOT}/Target Support Files/Pods-Evidens/Pods-Evidens-frameworks-${CONFIGURATION}-output-files.xcfilelist",
			);
			runOnlyForDeploymentPostprocessing = 0;
			shellPath = /bin/sh;
			shellScript = "\"${PODS_ROOT}/Target Support Files/Pods-Evidens/Pods-Evidens-frameworks.sh\"\n";
			showEnvVarsInLog = 0;
		};
/* End PBXShellScriptBuildPhase section */

/* Begin PBXSourcesBuildPhase section */
		5FC4D85627070274006B7A34 /* Sources */ = {
			isa = PBXSourcesBuildPhase;
			buildActionMask = 2147483647;
			files = (
				5FC4D88F2708A5EA006B7A34 /* CustomTextField.swift in Sources */,
				5FC4D88B27072B56006B7A34 /* LoginViewController.swift in Sources */,
				5FC4D8982709912D006B7A34 /* ResetPasswordViewController.swift in Sources */,
				5F0A4F3B271C29E800700304 /* ProfileCell.swift in Sources */,
				5FC4D881270705E8006B7A34 /* PostViewController.swift in Sources */,
				5FC4D88527071CB6006B7A34 /* FeedCell.swift in Sources */,
				5F0A4F42271C58A200700304 /* ContainerFeedViewController.swift in Sources */,
				5FC4D87D2707059D006B7A34 /* SearchViewController.swift in Sources */,
				5FC4D88D27072B60006B7A34 /* RegistrationViewController.swift in Sources */,
				5F0A4F46271C854600700304 /* Protocols.swift in Sources */,
				5F0A4F3F271C2BC300700304 /* ProfileHeader.swift in Sources */,
				5FC4D8932708AABF006B7A34 /* WelcomeViewController.swift in Sources */,
				5F5889022712EC39005E5B4F /* User.swift in Sources */,
				5FC4D8952708AB6D006B7A34 /* CustomLabel.swift in Sources */,
				5FC4D86227070274006B7A34 /* ViewController.swift in Sources */,
				5FC4D85E27070274006B7A34 /* AppDelegate.swift in Sources */,
				5FC4D87B2707058D006B7A34 /* FeedViewController.swift in Sources */,
				5FC4D89A2709938D006B7A34 /* InstructionsViewController.swift in Sources */,
				5FC4D8792707047E006B7A34 /* MainTabController.swift in Sources */,
				5FC4D883270705F8006B7A34 /* ProfileViewController.swift in Sources */,
				5F0A4F37271C1D0800700304 /* VerificationViewController.swift in Sources */,
				5F0A4F532725623E00700304 /* ImageUploader.swift in Sources */,
				5F0A4F512725622900700304 /* AuthService.swift in Sources */,
				5F5889282718677A005E5B4F /* AuthenticationViewModel.swift in Sources */,
				5F0A4F44271C59CD00700304 /* FeedMenuViewController.swift in Sources */,
				5FC4D87F270705B0006B7A34 /* NotificationsViewController.swift in Sources */,
				5FC4D88827071FB0006B7A34 /* Extensions.swift in Sources */,
				5FC4D86027070274006B7A34 /* SceneDelegate.swift in Sources */,
			);
			runOnlyForDeploymentPostprocessing = 0;
		};
/* End PBXSourcesBuildPhase section */

/* Begin PBXVariantGroup section */
		5FC4D86327070274006B7A34 /* Main.storyboard */ = {
			isa = PBXVariantGroup;
			children = (
				5FC4D86427070274006B7A34 /* Base */,
			);
			name = Main.storyboard;
			sourceTree = "<group>";
		};
		5FC4D86827070277006B7A34 /* LaunchScreen.storyboard */ = {
			isa = PBXVariantGroup;
			children = (
				5FC4D86927070277006B7A34 /* Base */,
			);
			name = LaunchScreen.storyboard;
			sourceTree = "<group>";
		};
/* End PBXVariantGroup section */

/* Begin XCBuildConfiguration section */
		5FC4D86C27070277006B7A34 /* Debug */ = {
			isa = XCBuildConfiguration;
			buildSettings = {
				ALWAYS_SEARCH_USER_PATHS = NO;
				CLANG_ANALYZER_NONNULL = YES;
				CLANG_ANALYZER_NUMBER_OBJECT_CONVERSION = YES_AGGRESSIVE;
				CLANG_CXX_LANGUAGE_STANDARD = "gnu++17";
				CLANG_CXX_LIBRARY = "libc++";
				CLANG_ENABLE_MODULES = YES;
				CLANG_ENABLE_OBJC_ARC = YES;
				CLANG_ENABLE_OBJC_WEAK = YES;
				CLANG_WARN_BLOCK_CAPTURE_AUTORELEASING = YES;
				CLANG_WARN_BOOL_CONVERSION = YES;
				CLANG_WARN_COMMA = YES;
				CLANG_WARN_CONSTANT_CONVERSION = YES;
				CLANG_WARN_DEPRECATED_OBJC_IMPLEMENTATIONS = YES;
				CLANG_WARN_DIRECT_OBJC_ISA_USAGE = YES_ERROR;
				CLANG_WARN_DOCUMENTATION_COMMENTS = YES;
				CLANG_WARN_EMPTY_BODY = YES;
				CLANG_WARN_ENUM_CONVERSION = YES;
				CLANG_WARN_INFINITE_RECURSION = YES;
				CLANG_WARN_INT_CONVERSION = YES;
				CLANG_WARN_NON_LITERAL_NULL_CONVERSION = YES;
				CLANG_WARN_OBJC_IMPLICIT_RETAIN_SELF = YES;
				CLANG_WARN_OBJC_LITERAL_CONVERSION = YES;
				CLANG_WARN_OBJC_ROOT_CLASS = YES_ERROR;
				CLANG_WARN_QUOTED_INCLUDE_IN_FRAMEWORK_HEADER = YES;
				CLANG_WARN_RANGE_LOOP_ANALYSIS = YES;
				CLANG_WARN_STRICT_PROTOTYPES = YES;
				CLANG_WARN_SUSPICIOUS_MOVE = YES;
				CLANG_WARN_UNGUARDED_AVAILABILITY = YES_AGGRESSIVE;
				CLANG_WARN_UNREACHABLE_CODE = YES;
				CLANG_WARN__DUPLICATE_METHOD_MATCH = YES;
				COPY_PHASE_STRIP = NO;
				DEBUG_INFORMATION_FORMAT = dwarf;
				ENABLE_STRICT_OBJC_MSGSEND = YES;
				ENABLE_TESTABILITY = YES;
				GCC_C_LANGUAGE_STANDARD = gnu11;
				GCC_DYNAMIC_NO_PIC = NO;
				GCC_NO_COMMON_BLOCKS = YES;
				GCC_OPTIMIZATION_LEVEL = 0;
				GCC_PREPROCESSOR_DEFINITIONS = (
					"DEBUG=1",
					"$(inherited)",
				);
				GCC_WARN_64_TO_32_BIT_CONVERSION = YES;
				GCC_WARN_ABOUT_RETURN_TYPE = YES_ERROR;
				GCC_WARN_UNDECLARED_SELECTOR = YES;
				GCC_WARN_UNINITIALIZED_AUTOS = YES_AGGRESSIVE;
				GCC_WARN_UNUSED_FUNCTION = YES;
				GCC_WARN_UNUSED_VARIABLE = YES;
				IPHONEOS_DEPLOYMENT_TARGET = 15.0;
				MTL_ENABLE_DEBUG_INFO = INCLUDE_SOURCE;
				MTL_FAST_MATH = YES;
				ONLY_ACTIVE_ARCH = YES;
				SDKROOT = iphoneos;
				SWIFT_ACTIVE_COMPILATION_CONDITIONS = DEBUG;
				SWIFT_OPTIMIZATION_LEVEL = "-Onone";
			};
			name = Debug;
		};
		5FC4D86D27070277006B7A34 /* Release */ = {
			isa = XCBuildConfiguration;
			buildSettings = {
				ALWAYS_SEARCH_USER_PATHS = NO;
				CLANG_ANALYZER_NONNULL = YES;
				CLANG_ANALYZER_NUMBER_OBJECT_CONVERSION = YES_AGGRESSIVE;
				CLANG_CXX_LANGUAGE_STANDARD = "gnu++17";
				CLANG_CXX_LIBRARY = "libc++";
				CLANG_ENABLE_MODULES = YES;
				CLANG_ENABLE_OBJC_ARC = YES;
				CLANG_ENABLE_OBJC_WEAK = YES;
				CLANG_WARN_BLOCK_CAPTURE_AUTORELEASING = YES;
				CLANG_WARN_BOOL_CONVERSION = YES;
				CLANG_WARN_COMMA = YES;
				CLANG_WARN_CONSTANT_CONVERSION = YES;
				CLANG_WARN_DEPRECATED_OBJC_IMPLEMENTATIONS = YES;
				CLANG_WARN_DIRECT_OBJC_ISA_USAGE = YES_ERROR;
				CLANG_WARN_DOCUMENTATION_COMMENTS = YES;
				CLANG_WARN_EMPTY_BODY = YES;
				CLANG_WARN_ENUM_CONVERSION = YES;
				CLANG_WARN_INFINITE_RECURSION = YES;
				CLANG_WARN_INT_CONVERSION = YES;
				CLANG_WARN_NON_LITERAL_NULL_CONVERSION = YES;
				CLANG_WARN_OBJC_IMPLICIT_RETAIN_SELF = YES;
				CLANG_WARN_OBJC_LITERAL_CONVERSION = YES;
				CLANG_WARN_OBJC_ROOT_CLASS = YES_ERROR;
				CLANG_WARN_QUOTED_INCLUDE_IN_FRAMEWORK_HEADER = YES;
				CLANG_WARN_RANGE_LOOP_ANALYSIS = YES;
				CLANG_WARN_STRICT_PROTOTYPES = YES;
				CLANG_WARN_SUSPICIOUS_MOVE = YES;
				CLANG_WARN_UNGUARDED_AVAILABILITY = YES_AGGRESSIVE;
				CLANG_WARN_UNREACHABLE_CODE = YES;
				CLANG_WARN__DUPLICATE_METHOD_MATCH = YES;
				COPY_PHASE_STRIP = NO;
				DEBUG_INFORMATION_FORMAT = "dwarf-with-dsym";
				ENABLE_NS_ASSERTIONS = NO;
				ENABLE_STRICT_OBJC_MSGSEND = YES;
				GCC_C_LANGUAGE_STANDARD = gnu11;
				GCC_NO_COMMON_BLOCKS = YES;
				GCC_WARN_64_TO_32_BIT_CONVERSION = YES;
				GCC_WARN_ABOUT_RETURN_TYPE = YES_ERROR;
				GCC_WARN_UNDECLARED_SELECTOR = YES;
				GCC_WARN_UNINITIALIZED_AUTOS = YES_AGGRESSIVE;
				GCC_WARN_UNUSED_FUNCTION = YES;
				GCC_WARN_UNUSED_VARIABLE = YES;
				IPHONEOS_DEPLOYMENT_TARGET = 15.0;
				MTL_ENABLE_DEBUG_INFO = NO;
				MTL_FAST_MATH = YES;
				SDKROOT = iphoneos;
				SWIFT_COMPILATION_MODE = wholemodule;
				SWIFT_OPTIMIZATION_LEVEL = "-O";
				VALIDATE_PRODUCT = YES;
			};
			name = Release;
		};
		5FC4D86F27070277006B7A34 /* Debug */ = {
			isa = XCBuildConfiguration;
			baseConfigurationReference = E4E31D27D53CC640423530B4 /* Pods-Evidens.debug.xcconfig */;
			buildSettings = {
				ASSETCATALOG_COMPILER_APPICON_NAME = AppIcon;
				ASSETCATALOG_COMPILER_GLOBAL_ACCENT_COLOR_NAME = AccentColor;
				ASSETCATALOG_COMPILER_INCLUDE_ALL_APPICON_ASSETS = NO;
				CODE_SIGN_STYLE = Automatic;
				CURRENT_PROJECT_VERSION = 1;
				DEVELOPMENT_TEAM = 79GT4Z4BQ9;
				GENERATE_INFOPLIST_FILE = YES;
				INFOPLIST_FILE = Evidens/Info.plist;
				INFOPLIST_KEY_CFBundleDisplayName = Evidens;
				INFOPLIST_KEY_UIApplicationSupportsIndirectInputEvents = YES;
				INFOPLIST_KEY_UILaunchStoryboardName = LaunchScreen;
				INFOPLIST_KEY_UIMainStoryboardFile = Main;
				INFOPLIST_KEY_UISupportedInterfaceOrientations = "";
				INFOPLIST_KEY_UISupportedInterfaceOrientations_iPad = "UIInterfaceOrientationPortrait UIInterfaceOrientationPortraitUpsideDown UIInterfaceOrientationLandscapeLeft UIInterfaceOrientationLandscapeRight";
				INFOPLIST_KEY_UISupportedInterfaceOrientations_iPhone = "UIInterfaceOrientationPortrait UIInterfaceOrientationLandscapeLeft UIInterfaceOrientationLandscapeRight";
				INFOPLIST_KEY_UIUserInterfaceStyle = Light;
				IPHONEOS_DEPLOYMENT_TARGET = 15.0;
				LD_RUNPATH_SEARCH_PATHS = (
					"$(inherited)",
					"@executable_path/Frameworks",
				);
				MARKETING_VERSION = 1.0;
				PRODUCT_BUNDLE_IDENTIFIER = com.pau.Evidens;
				PRODUCT_NAME = "$(TARGET_NAME)";
				SWIFT_EMIT_LOC_STRINGS = YES;
				SWIFT_VERSION = 5.0;
				TARGETED_DEVICE_FAMILY = 1;
			};
			name = Debug;
		};
		5FC4D87027070277006B7A34 /* Release */ = {
			isa = XCBuildConfiguration;
			baseConfigurationReference = ED9965EF6173BC44853D0886 /* Pods-Evidens.release.xcconfig */;
			buildSettings = {
				ASSETCATALOG_COMPILER_APPICON_NAME = AppIcon;
				ASSETCATALOG_COMPILER_GLOBAL_ACCENT_COLOR_NAME = AccentColor;
				ASSETCATALOG_COMPILER_INCLUDE_ALL_APPICON_ASSETS = NO;
				CODE_SIGN_STYLE = Automatic;
				CURRENT_PROJECT_VERSION = 1;
				DEVELOPMENT_TEAM = 79GT4Z4BQ9;
				GENERATE_INFOPLIST_FILE = YES;
				INFOPLIST_FILE = Evidens/Info.plist;
				INFOPLIST_KEY_CFBundleDisplayName = Evidens;
				INFOPLIST_KEY_UIApplicationSupportsIndirectInputEvents = YES;
				INFOPLIST_KEY_UILaunchStoryboardName = LaunchScreen;
				INFOPLIST_KEY_UIMainStoryboardFile = Main;
				INFOPLIST_KEY_UISupportedInterfaceOrientations = "";
				INFOPLIST_KEY_UISupportedInterfaceOrientations_iPad = "UIInterfaceOrientationPortrait UIInterfaceOrientationPortraitUpsideDown UIInterfaceOrientationLandscapeLeft UIInterfaceOrientationLandscapeRight";
				INFOPLIST_KEY_UISupportedInterfaceOrientations_iPhone = "UIInterfaceOrientationPortrait UIInterfaceOrientationLandscapeLeft UIInterfaceOrientationLandscapeRight";
				INFOPLIST_KEY_UIUserInterfaceStyle = Light;
				IPHONEOS_DEPLOYMENT_TARGET = 15.0;
				LD_RUNPATH_SEARCH_PATHS = (
					"$(inherited)",
					"@executable_path/Frameworks",
				);
				MARKETING_VERSION = 1.0;
				PRODUCT_BUNDLE_IDENTIFIER = com.pau.Evidens;
				PRODUCT_NAME = "$(TARGET_NAME)";
				SWIFT_EMIT_LOC_STRINGS = YES;
				SWIFT_VERSION = 5.0;
				TARGETED_DEVICE_FAMILY = 1;
			};
			name = Release;
		};
/* End XCBuildConfiguration section */

/* Begin XCConfigurationList section */
		5FC4D85527070274006B7A34 /* Build configuration list for PBXProject "Evidens" */ = {
			isa = XCConfigurationList;
			buildConfigurations = (
				5FC4D86C27070277006B7A34 /* Debug */,
				5FC4D86D27070277006B7A34 /* Release */,
			);
			defaultConfigurationIsVisible = 0;
			defaultConfigurationName = Release;
		};
		5FC4D86E27070277006B7A34 /* Build configuration list for PBXNativeTarget "Evidens" */ = {
			isa = XCConfigurationList;
			buildConfigurations = (
				5FC4D86F27070277006B7A34 /* Debug */,
				5FC4D87027070277006B7A34 /* Release */,
			);
			defaultConfigurationIsVisible = 0;
			defaultConfigurationName = Release;
		};
/* End XCConfigurationList section */
	};
	rootObject = 5FC4D85227070274006B7A34 /* Project object */;
}
